{
  "version": 4,
  "terraform_version": "1.14.6",
  "serial": 435,
  "lineage": "aa7a4fbd-b115-66b7-9fab-1b3f2e4c92cb",
  "outputs": {},
  "resources": [
    {
      "module": "module.VM[\"Windows-vm1\"]",
      "mode": "managed",
      "type": "azurerm_network_interface",
      "name": "nic",
      "provider": "provider[\"registry.terraform.io/hashicorp/azurerm\"]",
      "instances": [
        {
          "schema_version": 0,
          "attributes": {
            "accelerated_networking_enabled": false,
            "applied_dns_servers": [],
            "auxiliary_mode": "",
            "auxiliary_sku": "",
            "dns_servers": [],
            "edge_zone": "",
            "id": "/subscriptions/da901688-4838-4753-895c-39b7bc530feb/resourceGroups/dev-rg/providers/Microsoft.Network/networkInterfaces/Windows-vm1-nic",
            "internal_dns_name_label": "",
            "internal_domain_name_suffix": "v2qqtqxp0uvuzaouxpnxpnth1h.rx.internal.cloudapp.net",
            "ip_configuration": [
              {
                "gateway_load_balancer_frontend_ip_configuration_id": "",
                "name": "Windows-vm1-ipconfig",
                "primary": true,
                "private_ip_address": "10.0.2.4",
                "private_ip_address_allocation": "Dynamic",
                "private_ip_address_version": "IPv4",
                "public_ip_address_id": "",
                "subnet_id": "/subscriptions/da901688-4838-4753-895c-39b7bc530feb/resourceGroups/dev-rg/providers/Microsoft.Network/virtualNetworks/alzr-vnet/subnets/subnetfe"
              }
            ],
            "ip_forwarding_enabled": false,
            "location": "centralindia",
            "mac_address": "60-45-BD-AD-62-7C",
            "name": "Windows-vm1-nic",
            "private_ip_address": "10.0.2.4",
            "private_ip_addresses": [
              "10.0.2.4"
            ],
            "resource_group_name": "dev-rg",
            "tags": {},
            "timeouts": null,
            "virtual_machine_id": "/subscriptions/da901688-4838-4753-895c-39b7bc530feb/resourceGroups/dev-rg/providers/Microsoft.Compute/virtualMachines/Windows-vm1"
          },
          "sensitive_attributes": [],
          "identity_schema_version": 0,
          "identity": {
            "name": "Windows-vm1-nic",
            "resource_group_name": "dev-rg",
            "subscription_id": "da901688-4838-4753-895c-39b7bc530feb"
          },
          "private": "eyJlMmJmYjczMC1lY2FhLTExZTYtOGY4OC0zNDM2M2JjN2M0YzAiOnsiY3JlYXRlIjoxODAwMDAwMDAwMDAwLCJkZWxldGUiOjE4MDAwMDAwMDAwMDAsInJlYWQiOjMwMDAwMDAwMDAwMCwidXBkYXRlIjoxODAwMDAwMDAwMDAwfX0=",
          "dependencies": [
            "module.pip.azurerm_public_ip.pip",
            "module.rg.azurerm_resource_group.rg",
            "module.subnet.azurerm_subnet.subnet",
            "module.vnet.azurerm_virtual_network.vnet"
          ]
        }
      ]
    },
    {
      "module": "module.VM[\"Windows-vm1\"]",
      "mode": "managed",
      "type": "azurerm_virtual_machine",
      "name": "vm",
      "provider": "provider[\"registry.terraform.io/hashicorp/azurerm\"]",
      "instances": [
        {
          "schema_version": 0,
          "attributes": {
            "additional_capabilities": [],
            "availability_set_id": null,
            "boot_diagnostics": [],
            "delete_data_disks_on_termination": false,
            "delete_os_disk_on_termination": true,
            "id": "/subscriptions/da901688-4838-4753-895c-39b7bc530feb/resourceGroups/dev-rg/providers/Microsoft.Compute/virtualMachines/Windows-vm1",
            "identity": [],
            "license_type": "Windows_Client",
            "location": "centralindia",
            "name": "Windows-vm1",
            "network_interface_ids": [
              "/subscriptions/da901688-4838-4753-895c-39b7bc530feb/resourceGroups/dev-rg/providers/Microsoft.Network/networkInterfaces/Windows-vm1-nic"
            ],
            "os_profile": [
              {
                "admin_password": "",
                "admin_username": "azure",
                "computer_name": "Windows-vm1-os",
                "custom_data": ""
              }
            ],
            "os_profile_linux_config": [],
            "os_profile_secrets": [],
            "os_profile_windows_config": [
              {
                "additional_unattend_config": [],
                "enable_automatic_upgrades": false,
                "provision_vm_agent": false,
                "timezone": "",
                "winrm": []
              }
            ],
            "plan": [],
            "primary_network_interface_id": null,
            "proximity_placement_group_id": null,
            "resource_group_name": "dev-rg",
            "storage_data_disk": [],
            "storage_image_reference": [
              {
                "id": "",
                "offer": "windowsserver2022",
                "publisher": "microsoftwindowsserver",
                "sku": "2022-datacenter-azure-edition",
                "version": "latest"
              }
            ],
            "storage_os_disk": [
              {
                "caching": "ReadWrite",
                "create_option": "FromImage",
                "disk_size_gb": 130,
                "image_uri": "",
                "managed_disk_id": "/subscriptions/da901688-4838-4753-895c-39b7bc530feb/resourceGroups/dev-rg/providers/Microsoft.Compute/disks/Windows-vm1-osdisk",
                "managed_disk_type": "Premium_LRS",
                "name": "Windows-vm1-osdisk",
                "os_type": "Windows",
                "vhd_uri": "",
                "write_accelerator_enabled": false
              }
            ],
            "tags": {
              "environment": "dev"
            },
            "timeouts": null,
            "vm_size": "Standard_B2ls_v2",
            "zones": []
          },
          "sensitive_attributes": [
            [
              {
                "type": "get_attr",
                "value": "os_profile"
              }
            ]
          ],
          "identity_schema_version": 0,
          "private": "eyJlMmJmYjczMC1lY2FhLTExZTYtOGY4OC0zNDM2M2JjN2M0YzAiOnsiY3JlYXRlIjozNjAwMDAwMDAwMDAwLCJkZWxldGUiOjM2MDAwMDAwMDAwMDAsInJlYWQiOjMwMDAwMDAwMDAwMCwidXBkYXRlIjozNjAwMDAwMDAwMDAwfX0=",
          "dependencies": [
            "module.VM.azurerm_network_interface.nic",
            "module.pip.azurerm_public_ip.pip",
            "module.rg.azurerm_resource_group.rg",
            "module.subnet.azurerm_subnet.subnet",
            "module.vnet.azurerm_virtual_network.vnet"
          ]
        }
      ]
    },
    {
      "module": "module.bastion[\"alzr\"]",
      "mode": "managed",
      "type": "azurerm_bastion_host",
      "name": "bastion",
      "provider": "provider[\"registry.terraform.io/hashicorp/azurerm\"]",
      "instances": [
        {
          "schema_version": 0,
          "attributes": {
            "copy_paste_enabled": true,
            "dns_name": "bst-db2ea05c-2faf-496b-856c-dcd6b99c3c4c.bastion.azure.com",
            "file_copy_enabled": false,
            "id": "/subscriptions/da901688-4838-4753-895c-39b7bc530feb/resourceGroups/dev-rg/providers/Microsoft.Network/bastionHosts/alzr",
            "ip_configuration": [
              {
                "name": "bastion_ipname",
                "public_ip_address_id": "/subscriptions/da901688-4838-4753-895c-39b7bc530feb/resourceGroups/dev-rg/providers/Microsoft.Network/publicIPAddresses/bastion-pip",
                "subnet_id": "/subscriptions/da901688-4838-4753-895c-39b7bc530feb/resourceGroups/dev-rg/providers/Microsoft.Network/virtualNetworks/alzr-vnet/subnets/AzureBastionSubnet"
              }
            ],
            "ip_connect_enabled": false,
            "kerberos_enabled": false,
            "location": "centralindia",
            "name": "alzr",
            "private_only_enabled": false,
            "resource_group_name": "dev-rg",
            "scale_units": 2,
            "session_recording_enabled": false,
            "shareable_link_enabled": false,
            "sku": "Basic",
            "tags": {
              "env": "dev",
              "project": "alzr"
            },
            "timeouts": null,
            "tunneling_enabled": false,
            "virtual_network_id": "",
            "zones": []
          },
          "sensitive_attributes": [],
          "identity_schema_version": 0,
          "identity": {
            "name": "alzr",
            "resource_group_name": "dev-rg",
            "subscription_id": "da901688-4838-4753-895c-39b7bc530feb"
          },
          "private": "eyJlMmJmYjczMC1lY2FhLTExZTYtOGY4OC0zNDM2M2JjN2M0YzAiOnsiY3JlYXRlIjoxODAwMDAwMDAwMDAwLCJkZWxldGUiOjE4MDAwMDAwMDAwMDAsInJlYWQiOjMwMDAwMDAwMDAwMCwidXBkYXRlIjoxODAwMDAwMDAwMDAwfX0=",
          "dependencies": [
            "module.pip.azurerm_public_ip.pip",
            "module.rg.azurerm_resource_group.rg",
            "module.subnet.azurerm_subnet.subnet",
            "module.vnet.azurerm_virtual_network.vnet"
          ]
        }
      ]
    },
    {
      "module": "module.nsg-attach[\"nsg-attach-vm1\"]",
      "mode": "managed",
      "type": "azurerm_subnet_network_security_group_association",
      "name": "nsg-attach",
      "provider": "provider[\"registry.terraform.io/hashicorp/azurerm\"]",
      "instances": [
        {
          "schema_version": 0,
          "attributes": {
            "id": "/subscriptions/da901688-4838-4753-895c-39b7bc530feb/resourceGroups/dev-rg/providers/Microsoft.Network/virtualNetworks/alzr-vnet/subnets/subnet1",
            "network_security_group_id": "/subscriptions/da901688-4838-4753-895c-39b7bc530feb/resourceGroups/dev-rg/providers/Microsoft.Network/networkSecurityGroups/nsg-1",
            "subnet_id": "/subscriptions/da901688-4838-4753-895c-39b7bc530feb/resourceGroups/dev-rg/providers/Microsoft.Network/virtualNetworks/alzr-vnet/subnets/subnet1",
            "timeouts": null
          },
          "sensitive_attributes": [],
          "identity_schema_version": 0,
          "private": "eyJlMmJmYjczMC1lY2FhLTExZTYtOGY4OC0zNDM2M2JjN2M0YzAiOnsiY3JlYXRlIjoxODAwMDAwMDAwMDAwLCJkZWxldGUiOjE4MDAwMDAwMDAwMDAsInJlYWQiOjMwMDAwMDAwMDAwMH19",
          "dependencies": [
            "module.nsg.azurerm_network_security_group.nsg",
            "module.rg.azurerm_resource_group.rg",
            "module.subnet.azurerm_subnet.subnet",
            "module.vnet.azurerm_virtual_network.vnet"
          ]
        }
      ]
    },
    {
      "module": "module.nsg[\"nsg-1\"]",
      "mode": "managed",
      "type": "azurerm_network_security_group",
      "name": "nsg",
      "provider": "provider[\"registry.terraform.io/hashicorp/azurerm\"]",
      "instances": [
        {
          "schema_version": 0,
          "attributes": {
            "id": "/subscriptions/da901688-4838-4753-895c-39b7bc530feb/resourceGroups/dev-rg/providers/Microsoft.Network/networkSecurityGroups/nsg-1",
            "location": "centralindia",
            "name": "nsg-1",
            "resource_group_name": "dev-rg",
            "security_rule": [
              {
                "access": "Allow",
                "description": "",
                "destination_address_prefix": "*",
                "destination_address_prefixes": [],
                "destination_application_security_group_ids": [],
                "destination_port_range": "",
                "destination_port_ranges": [
                  "3389"
                ],
                "direction": "Inbound",
                "name": "nsg-rule-1",
                "priority": 200,
                "protocol": "Tcp",
                "source_address_prefix": "*",
                "source_address_prefixes": [],
                "source_application_security_group_ids": [],
                "source_port_range": "*",
                "source_port_ranges": []
              },
              {
                "access": "Allow",
                "description": "",
                "destination_address_prefix": "*",
                "destination_address_prefixes": [],
                "destination_application_security_group_ids": [],
                "destination_port_range": "22",
                "destination_port_ranges": [],
                "direction": "Inbound",
                "name": "ssh22",
                "priority": 210,
                "protocol": "Tcp",
                "source_address_prefix": "*",
                "source_address_prefixes": [],
                "source_application_security_group_ids": [],
                "source_port_range": "*",
                "source_port_ranges": []
              }
            ],
            "tags": {
              "bastion-nsg": "all ports open",
              "environment": "dev"
            },
            "timeouts": null
          },
          "sensitive_attributes": [],
          "identity_schema_version": 0,
          "identity": {
            "name": "nsg-1",
            "resource_group_name": "dev-rg",
            "subscription_id": "da901688-4838-4753-895c-39b7bc530feb"
          },
          "private": "eyJlMmJmYjczMC1lY2FhLTExZTYtOGY4OC0zNDM2M2JjN2M0YzAiOnsiY3JlYXRlIjoxODAwMDAwMDAwMDAwLCJkZWxldGUiOjE4MDAwMDAwMDAwMDAsInJlYWQiOjMwMDAwMDAwMDAwMCwidXBkYXRlIjoxODAwMDAwMDAwMDAwfX0=",
          "dependencies": [
            "module.rg.azurerm_resource_group.rg"
          ]
        }
      ]
    },
    {
      "module": "module.pip[\"ag-pip\"]",
      "mode": "managed",
      "type": "azurerm_public_ip",
      "name": "pip",
      "provider": "provider[\"registry.terraform.io/hashicorp/azurerm\"]",
      "instances": [
        {
          "schema_version": 0,
          "attributes": {
            "allocation_method": "Static",
            "ddos_protection_mode": "VirtualNetworkInherited",
            "ddos_protection_plan_id": null,
            "domain_name_label": "",
            "domain_name_label_scope": "",
            "edge_zone": "",
            "fqdn": "",
            "id": "/subscriptions/da901688-4838-4753-895c-39b7bc530feb/resourceGroups/dev-rg/providers/Microsoft.Network/publicIPAddresses/ag-pip",
            "idle_timeout_in_minutes": 4,
            "ip_address": "20.204.45.73",
            "ip_tags": {},
            "ip_version": "IPv4",
            "location": "centralindia",
            "name": "ag-pip",
            "public_ip_prefix_id": null,
            "resource_group_name": "dev-rg",
            "reverse_fqdn": "",
            "sku": "Standard",
            "sku_tier": "Regional",
            "tags": {
              "environment": "dev",
              "owner": "nd"
            },
            "timeouts": null,
            "zones": []
          },
          "sensitive_attributes": [],
          "identity_schema_version": 0,
          "identity": {
            "name": "ag-pip",
            "resource_group_name": "dev-rg",
            "subscription_id": "da901688-4838-4753-895c-39b7bc530feb"
          },
          "private": "eyJlMmJmYjczMC1lY2FhLTExZTYtOGY4OC0zNDM2M2JjN2M0YzAiOnsiY3JlYXRlIjoxODAwMDAwMDAwMDAwLCJkZWxldGUiOjE4MDAwMDAwMDAwMDAsInJlYWQiOjMwMDAwMDAwMDAwMCwidXBkYXRlIjoxODAwMDAwMDAwMDAwfX0=",
          "dependencies": [
            "module.rg.azurerm_resource_group.rg"
          ]
        }
      ]
    },
    {
      "module": "module.pip[\"bastion-pip\"]",
      "mode": "managed",
      "type": "azurerm_public_ip",
      "name": "pip",
      "provider": "provider[\"registry.terraform.io/hashicorp/azurerm\"]",
      "instances": [
        {
          "schema_version": 0,
          "attributes": {
            "allocation_method": "Static",
            "ddos_protection_mode": "VirtualNetworkInherited",
            "ddos_protection_plan_id": null,
            "domain_name_label": "",
            "domain_name_label_scope": "",
            "edge_zone": "",
            "fqdn": "",
            "id": "/subscriptions/da901688-4838-4753-895c-39b7bc530feb/resourceGroups/dev-rg/providers/Microsoft.Network/publicIPAddresses/bastion-pip",
            "idle_timeout_in_minutes": 4,
            "ip_address": "20.219.216.136",
            "ip_tags": {},
            "ip_version": "IPv4",
            "location": "centralindia",
            "name": "bastion-pip",
            "public_ip_prefix_id": null,
            "resource_group_name": "dev-rg",
            "reverse_fqdn": "",
            "sku": "Standard",
            "sku_tier": "Regional",
            "tags": {
              "environment": "dev",
              "owner": "nd"
            },
            "timeouts": null,
            "zones": []
          },
          "sensitive_attributes": [],
          "identity_schema_version": 0,
          "identity": {
            "name": "bastion-pip",
            "resource_group_name": "dev-rg",
            "subscription_id": "da901688-4838-4753-895c-39b7bc530feb"
          },
          "private": "eyJlMmJmYjczMC1lY2FhLTExZTYtOGY4OC0zNDM2M2JjN2M0YzAiOnsiY3JlYXRlIjoxODAwMDAwMDAwMDAwLCJkZWxldGUiOjE4MDAwMDAwMDAwMDAsInJlYWQiOjMwMDAwMDAwMDAwMCwidXBkYXRlIjoxODAwMDAwMDAwMDAwfX0=",
          "dependencies": [
            "module.rg.azurerm_resource_group.rg"
          ]
        }
      ]
    },
    {
      "module": "module.rg[\"dev-rg\"]",
      "mode": "managed",
      "type": "azurerm_resource_group",
      "name": "rg",
      "provider": "provider[\"registry.terraform.io/hashicorp/azurerm\"]",
      "instances": [
        {
          "schema_version": 0,
          "attributes": {
            "id": "/subscriptions/da901688-4838-4753-895c-39b7bc530feb/resourceGroups/dev-rg",
            "location": "centralindia",
            "managed_by": "",
            "name": "dev-rg",
            "tags": {
              "environment": "dev"
            },
            "timeouts": null
          },
          "sensitive_attributes": [],
          "identity_schema_version": 0,
          "identity": {
            "name": "dev-rg",
            "subscription_id": "da901688-4838-4753-895c-39b7bc530feb"
          },
          "private": "eyJlMmJmYjczMC1lY2FhLTExZTYtOGY4OC0zNDM2M2JjN2M0YzAiOnsiY3JlYXRlIjo1NDAwMDAwMDAwMDAwLCJkZWxldGUiOjU0MDAwMDAwMDAwMDAsInJlYWQiOjMwMDAwMDAwMDAwMCwidXBkYXRlIjo1NDAwMDAwMDAwMDAwfX0="
        }
      ]
    },
    {
      "module": "module.rules[\"nsg-rule-1\"]",
      "mode": "managed",
      "type": "azurerm_network_security_rule",
      "name": "rules",
      "provider": "provider[\"registry.terraform.io/hashicorp/azurerm\"]",
      "instances": [
        {
          "schema_version": 0,
          "attributes": {
            "access": "Allow",
            "description": "",
            "destination_address_prefix": "*",
            "destination_address_prefixes": [],
            "destination_application_security_group_ids": [],
            "destination_port_range": "",
            "destination_port_ranges": [
              "3389"
            ],
            "direction": "Inbound",
            "id": "/subscriptions/da901688-4838-4753-895c-39b7bc530feb/resourceGroups/dev-rg/providers/Microsoft.Network/networkSecurityGroups/nsg-1/securityRules/nsg-rule-1",
            "name": "nsg-rule-1",
            "network_security_group_name": "nsg-1",
            "priority": 200,
            "protocol": "Tcp",
            "resource_group_name": "dev-rg",
            "source_address_prefix": "*",
            "source_address_prefixes": [],
            "source_application_security_group_ids": [],
            "source_port_range": "*",
            "source_port_ranges": [],
            "timeouts": null
          },
          "sensitive_attributes": [],
          "identity_schema_version": 0,
          "identity": {
            "name": "nsg-rule-1",
            "network_security_group_name": "nsg-1",
            "resource_group_name": "dev-rg",
            "subscription_id": "da901688-4838-4753-895c-39b7bc530feb"
          },
          "private": "eyJlMmJmYjczMC1lY2FhLTExZTYtOGY4OC0zNDM2M2JjN2M0YzAiOnsiY3JlYXRlIjoxODAwMDAwMDAwMDAwLCJkZWxldGUiOjE4MDAwMDAwMDAwMDAsInJlYWQiOjMwMDAwMDAwMDAwMCwidXBkYXRlIjoxODAwMDAwMDAwMDAwfX0=",
          "dependencies": [
            "module.nsg.azurerm_network_security_group.nsg",
            "module.rg.azurerm_resource_group.rg"
          ]
        }
      ]
    },
    {
      "module": "module.subnet[\"AzureBastionSubnet\"]",
      "mode": "managed",
      "type": "azurerm_subnet",
      "name": "subnet",
      "provider": "provider[\"registry.terraform.io/hashicorp/azurerm\"]",
      "instances": [
        {
          "schema_version": 0,
          "attributes": {
            "address_prefixes": [
              "10.0.0.0/24"
            ],
            "default_outbound_access_enabled": true,
            "delegation": [],
            "id": "/subscriptions/da901688-4838-4753-895c-39b7bc530feb/resourceGroups/dev-rg/providers/Microsoft.Network/virtualNetworks/alzr-vnet/subnets/AzureBastionSubnet",
            "ip_address_pool": [],
            "name": "AzureBastionSubnet",
            "private_endpoint_network_policies": "Disabled",
            "private_link_service_network_policies_enabled": true,
            "resource_group_name": "dev-rg",
            "service_endpoint_policy_ids": [],
            "service_endpoints": [],
            "sharing_scope": "",
            "timeouts": null,
            "virtual_network_name": "alzr-vnet"
          },
          "sensitive_attributes": [],
          "identity_schema_version": 0,
          "identity": {
            "name": "AzureBastionSubnet",
            "resource_group_name": "dev-rg",
            "subscription_id": "da901688-4838-4753-895c-39b7bc530feb",
            "virtual_network_name": "alzr-vnet"
          },
          "private": "eyJlMmJmYjczMC1lY2FhLTExZTYtOGY4OC0zNDM2M2JjN2M0YzAiOnsiY3JlYXRlIjoxODAwMDAwMDAwMDAwLCJkZWxldGUiOjE4MDAwMDAwMDAwMDAsInJlYWQiOjMwMDAwMDAwMDAwMCwidXBkYXRlIjoxODAwMDAwMDAwMDAwfX0=",
          "dependencies": [
            "module.rg.azurerm_resource_group.rg",
            "module.vnet.azurerm_virtual_network.vnet"
          ]
        }
      ]
    },
    {
      "module": "module.subnet[\"Netapp-subnet\"]",
      "mode": "managed",
      "type": "azurerm_subnet",
      "name": "subnet",
      "provider": "provider[\"registry.terraform.io/hashicorp/azurerm\"]",
      "instances": [
        {
          "schema_version": 0,
          "attributes": {
            "address_prefixes": [
              "10.0.10.0/24"
            ],
            "default_outbound_access_enabled": true,
            "delegation": [],
            "id": "/subscriptions/da901688-4838-4753-895c-39b7bc530feb/resourceGroups/dev-rg/providers/Microsoft.Network/virtualNetworks/alzr-vnet/subnets/Netapp-subnet",
            "ip_address_pool": [],
            "name": "Netapp-subnet",
            "private_endpoint_network_policies": "Disabled",
            "private_link_service_network_policies_enabled": true,
            "resource_group_name": "dev-rg",
            "service_endpoint_policy_ids": [],
            "service_endpoints": [],
            "sharing_scope": "",
            "timeouts": null,
            "virtual_network_name": "alzr-vnet"
          },
          "sensitive_attributes": [],
          "identity_schema_version": 0,
          "identity": {
            "name": "Netapp-subnet",
            "resource_group_name": "dev-rg",
            "subscription_id": "da901688-4838-4753-895c-39b7bc530feb",
            "virtual_network_name": "alzr-vnet"
          },
          "private": "eyJlMmJmYjczMC1lY2FhLTExZTYtOGY4OC0zNDM2M2JjN2M0YzAiOnsiY3JlYXRlIjoxODAwMDAwMDAwMDAwLCJkZWxldGUiOjE4MDAwMDAwMDAwMDAsInJlYWQiOjMwMDAwMDAwMDAwMCwidXBkYXRlIjoxODAwMDAwMDAwMDAwfX0=",
          "dependencies": [
            "module.rg.azurerm_resource_group.rg",
            "module.vnet.azurerm_virtual_network.vnet"
          ]
        }
      ]
    },
    {
      "module": "module.subnet[\"subnet1\"]",
      "mode": "managed",
      "type": "azurerm_subnet",
      "name": "subnet",
      "provider": "provider[\"registry.terraform.io/hashicorp/azurerm\"]",
      "instances": [
        {
          "schema_version": 0,
          "attributes": {
            "address_prefixes": [
              "10.0.1.0/24"
            ],
            "default_outbound_access_enabled": true,
            "delegation": [],
            "id": "/subscriptions/da901688-4838-4753-895c-39b7bc530feb/resourceGroups/dev-rg/providers/Microsoft.Network/virtualNetworks/alzr-vnet/subnets/subnet1",
            "ip_address_pool": [],
            "name": "subnet1",
            "private_endpoint_network_policies": "Disabled",
            "private_link_service_network_policies_enabled": true,
            "resource_group_name": "dev-rg",
            "service_endpoint_policy_ids": [],
            "service_endpoints": [],
            "sharing_scope": "",
            "timeouts": null,
            "virtual_network_name": "alzr-vnet"
          },
          "sensitive_attributes": [],
          "identity_schema_version": 0,
          "identity": {
            "name": "subnet1",
            "resource_group_name": "dev-rg",
            "subscription_id": "da901688-4838-4753-895c-39b7bc530feb",
            "virtual_network_name": "alzr-vnet"
          },
          "private": "eyJlMmJmYjczMC1lY2FhLTExZTYtOGY4OC0zNDM2M2JjN2M0YzAiOnsiY3JlYXRlIjoxODAwMDAwMDAwMDAwLCJkZWxldGUiOjE4MDAwMDAwMDAwMDAsInJlYWQiOjMwMDAwMDAwMDAwMCwidXBkYXRlIjoxODAwMDAwMDAwMDAwfX0=",
          "dependencies": [
            "module.rg.azurerm_resource_group.rg",
            "module.vnet.azurerm_virtual_network.vnet"
          ]
        }
      ]
    },
    {
      "module": "module.subnet[\"subnetfe\"]",
      "mode": "managed",
      "type": "azurerm_subnet",
      "name": "subnet",
      "provider": "provider[\"registry.terraform.io/hashicorp/azurerm\"]",
      "instances": [
        {
          "schema_version": 0,
          "attributes": {
            "address_prefixes": [
              "10.0.2.0/24"
            ],
            "default_outbound_access_enabled": true,
            "delegation": [],
            "id": "/subscriptions/da901688-4838-4753-895c-39b7bc530feb/resourceGroups/dev-rg/providers/Microsoft.Network/virtualNetworks/alzr-vnet/subnets/subnetfe",
            "ip_address_pool": [],
            "name": "subnetfe",
            "private_endpoint_network_policies": "Disabled",
            "private_link_service_network_policies_enabled": true,
            "resource_group_name": "dev-rg",
            "service_endpoint_policy_ids": [],
            "service_endpoints": [],
            "sharing_scope": "",
            "timeouts": null,
            "virtual_network_name": "alzr-vnet"
          },
          "sensitive_attributes": [],
          "identity_schema_version": 0,
          "identity": {
            "name": "subnetfe",
            "resource_group_name": "dev-rg",
            "subscription_id": "da901688-4838-4753-895c-39b7bc530feb",
            "virtual_network_name": "alzr-vnet"
          },
          "private": "eyJlMmJmYjczMC1lY2FhLTExZTYtOGY4OC0zNDM2M2JjN2M0YzAiOnsiY3JlYXRlIjoxODAwMDAwMDAwMDAwLCJkZWxldGUiOjE4MDAwMDAwMDAwMDAsInJlYWQiOjMwMDAwMDAwMDAwMCwidXBkYXRlIjoxODAwMDAwMDAwMDAwfX0=",
          "dependencies": [
            "module.rg.azurerm_resource_group.rg",
            "module.vnet.azurerm_virtual_network.vnet"
          ]
        }
      ]
    },
    {
      "module": "module.vnet[\"alzr-vnet\"]",
      "mode": "managed",
      "type": "azurerm_virtual_network",
      "name": "vnet",
      "provider": "provider[\"registry.terraform.io/hashicorp/azurerm\"]",
      "instances": [
        {
          "schema_version": 0,
          "attributes": {
            "address_space": [
              "10.0.0.0/16"
            ],
            "bgp_community": "",
            "ddos_protection_plan": [],
            "dns_servers": [],
            "edge_zone": "",
            "encryption": [],
            "flow_timeout_in_minutes": 0,
            "guid": "c20921af-d5ef-4c2b-81d4-bbdb77b667df",
            "id": "/subscriptions/da901688-4838-4753-895c-39b7bc530feb/resourceGroups/dev-rg/providers/Microsoft.Network/virtualNetworks/alzr-vnet",
            "ip_address_pool": [],
            "location": "centralindia",
            "name": "alzr-vnet",
            "private_endpoint_vnet_policies": "Disabled",
            "resource_group_name": "dev-rg",
            "subnet": [
              {
                "address_prefixes": [
                  "10.0.0.0/24"
                ],
                "default_outbound_access_enabled": true,
                "delegation": [],
                "id": "/subscriptions/da901688-4838-4753-895c-39b7bc530feb/resourceGroups/dev-rg/providers/Microsoft.Network/virtualNetworks/alzr-vnet/subnets/AzureBastionSubnet",
                "name": "AzureBastionSubnet",
                "private_endpoint_network_policies": "Disabled",
                "private_link_service_network_policies_enabled": true,
                "route_table_id": "",
                "security_group": "",
                "service_endpoint_policy_ids": [],
                "service_endpoints": []
              },
              {
                "address_prefixes": [
                  "10.0.1.0/24"
                ],
                "default_outbound_access_enabled": true,
                "delegation": [],
                "id": "/subscriptions/da901688-4838-4753-895c-39b7bc530feb/resourceGroups/dev-rg/providers/Microsoft.Network/virtualNetworks/alzr-vnet/subnets/subnet1",
                "name": "subnet1",
                "private_endpoint_network_policies": "Disabled",
                "private_link_service_network_policies_enabled": true,
                "route_table_id": "",
                "security_group": "/subscriptions/da901688-4838-4753-895c-39b7bc530feb/resourceGroups/dev-rg/providers/Microsoft.Network/networkSecurityGroups/nsg-1",
                "service_endpoint_policy_ids": [],
                "service_endpoints": []
              },
              {
                "address_prefixes": [
                  "10.0.10.0/24"
                ],
                "default_outbound_access_enabled": true,
                "delegation": [],
                "id": "/subscriptions/da901688-4838-4753-895c-39b7bc530feb/resourceGroups/dev-rg/providers/Microsoft.Network/virtualNetworks/alzr-vnet/subnets/Netapp-subnet",
                "name": "Netapp-subnet",
                "private_endpoint_network_policies": "Disabled",
                "private_link_service_network_policies_enabled": true,
                "route_table_id": "",
                "security_group": "",
                "service_endpoint_policy_ids": [],
                "service_endpoints": []
              },
              {
                "address_prefixes": [
                  "10.0.2.0/24"
                ],
                "default_outbound_access_enabled": true,
                "delegation": [],
                "id": "/subscriptions/da901688-4838-4753-895c-39b7bc530feb/resourceGroups/dev-rg/providers/Microsoft.Network/virtualNetworks/alzr-vnet/subnets/subnetfe",
                "name": "subnetfe",
                "private_endpoint_network_policies": "Disabled",
                "private_link_service_network_policies_enabled": true,
                "route_table_id": "",
                "security_group": "",
                "service_endpoint_policy_ids": [],
                "service_endpoints": []
              }
            ],
            "tags": {
              "environment": "dev",
              "owner": "nd"
            },
            "timeouts": null
          },
          "sensitive_attributes": [],
          "identity_schema_version": 0,
          "identity": {
            "name": "alzr-vnet",
            "resource_group_name": "dev-rg",
            "subscription_id": "da901688-4838-4753-895c-39b7bc530feb"
          },
          "private": "eyJlMmJmYjczMC1lY2FhLTExZTYtOGY4OC0zNDM2M2JjN2M0YzAiOnsiY3JlYXRlIjoxODAwMDAwMDAwMDAwLCJkZWxldGUiOjE4MDAwMDAwMDAwMDAsInJlYWQiOjMwMDAwMDAwMDAwMCwidXBkYXRlIjoxODAwMDAwMDAwMDAwfX0=",
          "dependencies": [
            "module.rg.azurerm_resource_group.rg"
          ]
        }
      ]
    }
  ],
  "check_results": [
    {
      "object_kind": "var",
      "config_addr": "module.Linux-VM.var.location",
      "status": "pass",
      "objects": null
    },
    {
      "object_kind": "var",
      "config_addr": "module.nsg.var.environment",
      "status": "pass",
      "objects": [
        {
          "object_addr": "module.nsg[\"nsg-1\"].var.environment",
          "status": "pass"
        }
      ]
    },
    {
      "object_kind": "var",
      "config_addr": "module.rg.var.name",
      "status": "pass",
      "objects": [
        {
          "object_addr": "module.rg[\"dev-rg\"].var.name",
          "status": "pass"
        }
      ]
    },
    {
      "object_kind": "var",
      "config_addr": "module.Linux-VM.var.name",
      "status": "pass",
      "objects": null
    },
    {
      "object_kind": "var",
      "config_addr": "module.rg.var.environment",
      "status": "pass",
      "objects": [
        {
          "object_addr": "module.rg[\"dev-rg\"].var.environment",
          "status": "pass"
        }
      ]
    },
    {
      "object_kind": "var",
      "config_addr": "module.pip.var.name",
      "status": "pass",
      "objects": [
        {
          "object_addr": "module.pip[\"ag-pip\"].var.name",
          "status": "pass"
        },
        {
          "object_addr": "module.pip[\"bastion-pip\"].var.name",
          "status": "pass"
        }
      ]
    },
    {
      "object_kind": "var",
      "config_addr": "module.rules.var.source_address_prefix",
      "status": "pass",
      "objects": [
        {
          "object_addr": "module.rules[\"nsg-rule-1\"].var.source_address_prefix",
          "status": "pass"
        }
      ]
    },
    {
      "object_kind": "var",
      "config_addr": "module.vnet.var.environment",
      "status": "pass",
      "objects": [
        {
          "object_addr": "module.vnet[\"alzr-vnet\"].var.environment",
          "status": "pass"
        }
      ]
    },
    {
      "object_kind": "var",
      "config_addr": "module.vnet.var.name",
      "status": "pass",
      "objects": [
        {
          "object_addr": "module.vnet[\"alzr-vnet\"].var.name",
          "status": "pass"
        }
      ]
    },
    {
      "object_kind": "var",
      "config_addr": "module.Linux-VM.var.size",
      "status": "pass",
      "objects": null
    },
    {
      "object_kind": "var",
      "config_addr": "module.Linux-VM.var.tags",
      "status": "pass",
      "objects": null
    },
    {
      "object_kind": "var",
      "config_addr": "module.subnet.var.name",
      "status": "pass",
      "objects": [
        {
          "object_addr": "module.subnet[\"AzureBastionSubnet\"].var.name",
          "status": "pass"
        },
        {
          "object_addr": "module.subnet[\"Netapp-subnet\"].var.name",
          "status": "pass"
        },
        {
          "object_addr": "module.subnet[\"subnet1\"].var.name",
          "status": "pass"
        },
        {
          "object_addr": "module.subnet[\"subnetfe\"].var.name",
          "status": "pass"
        }
      ]
    },
    {
      "object_kind": "var",
      "config_addr": "module.rg.var.location",
      "status": "pass",
      "objects": [
        {
          "object_addr": "module.rg[\"dev-rg\"].var.location",
          "status": "pass"
        }
      ]
    },
    {
      "object_kind": "var",
      "config_addr": "module.rules.var.priority",
      "status": "pass",
      "objects": [
        {
          "object_addr": "module.rules[\"nsg-rule-1\"].var.priority",
          "status": "pass"
        }
      ]
    },
    {
      "object_kind": "var",
      "config_addr": "module.subnet.var.virtual_network_name",
      "status": "pass",
      "objects": [
        {
          "object_addr": "module.subnet[\"subnetfe\"].var.virtual_network_name",
          "status": "pass"
        },
        {
          "object_addr": "module.subnet[\"AzureBastionSubnet\"].var.virtual_network_name",
          "status": "pass"
        },
        {
          "object_addr": "module.subnet[\"Netapp-subnet\"].var.virtual_network_name",
          "status": "pass"
        },
        {
          "object_addr": "module.subnet[\"subnet1\"].var.virtual_network_name",
          "status": "pass"
        }
      ]
    },
    {
      "object_kind": "var",
      "config_addr": "module.nsg-attach.var.subnet_id",
      "status": "pass",
      "objects": [
        {
          "object_addr": "module.nsg-attach[\"nsg-attach-vm1\"].var.subnet_id",
          "status": "pass"
        }
      ]
    },
    {
      "object_kind": "var",
      "config_addr": "module.subnet.var.resource_group_name",
      "status": "pass",
      "objects": [
        {
          "object_addr": "module.subnet[\"subnet1\"].var.resource_group_name",
          "status": "pass"
        },
        {
          "object_addr": "module.subnet[\"subnetfe\"].var.resource_group_name",
          "status": "pass"
        },
        {
          "object_addr": "module.subnet[\"AzureBastionSubnet\"].var.resource_group_name",
          "status": "pass"
        },
        {
          "object_addr": "module.subnet[\"Netapp-subnet\"].var.resource_group_name",
          "status": "pass"
        }
      ]
    },
    {
      "object_kind": "var",
      "config_addr": "module.pip.var.environment",
      "status": "pass",
      "objects": [
        {
          "object_addr": "module.pip[\"ag-pip\"].var.environment",
          "status": "pass"
        },
        {
          "object_addr": "module.pip[\"bastion-pip\"].var.environment",
          "status": "pass"
        }
      ]
    },
    {
      "object_kind": "var",
      "config_addr": "module.rules.var.protocol",
      "status": "pass",
      "objects": [
        {
          "object_addr": "module.rules[\"nsg-rule-1\"].var.protocol",
          "status": "pass"
        }
      ]
    },
    {
      "object_kind": "var",
      "config_addr": "module.nsg.var.tags",
      "status": "pass",
      "objects": [
        {
          "object_addr": "module.nsg[\"nsg-1\"].var.tags",
          "status": "pass"
        }
      ]
    },
    {
      "object_kind": "var",
      "config_addr": "module.rules.var.access",
      "status": "pass",
      "objects": [
        {
          "object_addr": "module.rules[\"nsg-rule-1\"].var.access",
          "status": "pass"
        }
      ]
    },
    {
      "object_kind": "var",
      "config_addr": "module.rules.var.network_security_group_name",
      "status": "pass",
      "objects": [
        {
          "object_addr": "module.rules[\"nsg-rule-1\"].var.network_security_group_name",
          "status": "pass"
        }
      ]
    },
    {
      "object_kind": "var",
      "config_addr": "module.nsg-attach.var.network_security_group_id",
      "status": "pass",
      "objects": [
        {
          "object_addr": "module.nsg-attach[\"nsg-attach-vm1\"].var.network_security_group_id",
          "status": "pass"
        }
      ]
    },
    {
      "object_kind": "var",
      "config_addr": "module.Linux-VM.var.resource_group_name",
      "status": "pass",
      "objects": null
    },
    {
      "object_kind": "var",
      "config_addr": "module.rules.var.direction",
      "status": "pass",
      "objects": [
        {
          "object_addr": "module.rules[\"nsg-rule-1\"].var.direction",
          "status": "pass"
        }
      ]
    },
    {
      "object_kind": "var",
      "config_addr": "module.rules.var.destination_port_ranges",
      "status": "pass",
      "objects": [
        {
          "object_addr": "module.rules[\"nsg-rule-1\"].var.destination_port_ranges",
          "status": "pass"
        }
      ]
    },
    {
      "object_kind": "var",
      "config_addr": "module.rules.var.resource_group_name",
      "status": "pass",
      "objects": [
        {
          "object_addr": "module.rules[\"nsg-rule-1\"].var.resource_group_name",
          "status": "pass"
        }
      ]
    },
    {
      "object_kind": "var",
      "config_addr": "module.nsg.var.resource_group_name",
      "status": "pass",
      "objects": [
        {
          "object_addr": "module.nsg[\"nsg-1\"].var.resource_group_name",
          "status": "pass"
        }
      ]
    },
    {
      "object_kind": "var",
      "config_addr": "module.nsg.var.name",
      "status": "pass",
      "objects": [
        {
          "object_addr": "module.nsg[\"nsg-1\"].var.name",
          "status": "pass"
        }
      ]
    },
    {
      "object_kind": "var",
      "config_addr": "module.rules.var.source_port_range",
      "status": "pass",
      "objects": [
        {
          "object_addr": "module.rules[\"nsg-rule-1\"].var.source_port_range",
          "status": "pass"
        }
      ]
    },
    {
      "object_kind": "var",
      "config_addr": "module.pip.var.tags",
      "status": "pass",
      "objects": [
        {
          "object_addr": "module.pip[\"ag-pip\"].var.tags",
          "status": "pass"
        },
        {
          "object_addr": "module.pip[\"bastion-pip\"].var.tags",
          "status": "pass"
        }
      ]
    },
    {
      "object_kind": "var",
      "config_addr": "module.pip.var.allocation_method",
      "status": "pass",
      "objects": [
        {
          "object_addr": "module.pip[\"bastion-pip\"].var.allocation_method",
          "status": "pass"
        },
        {
          "object_addr": "module.pip[\"ag-pip\"].var.allocation_method",
          "status": "pass"
        }
      ]
    },
    {
      "object_kind": "var",
      "config_addr": "module.Linux-VM.var.environment",
      "status": "pass",
      "objects": null
    },
    {
      "object_kind": "var",
      "config_addr": "module.rules.var.name",
      "status": "pass",
      "objects": [
        {
          "object_addr": "module.rules[\"nsg-rule-1\"].var.name",
          "status": "pass"
        }
      ]
    },
    {
      "object_kind": "var",
      "config_addr": "module.pip.var.location",
      "status": "pass",
      "objects": [
        {
          "object_addr": "module.pip[\"ag-pip\"].var.location",
          "status": "pass"
        },
        {
          "object_addr": "module.pip[\"bastion-pip\"].var.location",
          "status": "pass"
        }
      ]
    },
    {
      "object_kind": "var",
      "config_addr": "module.rg.var.tags",
      "status": "pass",
      "objects": [
        {
          "object_addr": "module.rg[\"dev-rg\"].var.tags",
          "status": "pass"
        }
      ]
    },
    {
      "object_kind": "var",
      "config_addr": "module.VM.var.location",
      "status": "pass",
      "objects": [
        {
          "object_addr": "module.VM[\"Windows-vm1\"].var.location",
          "status": "pass"
        }
      ]
    },
    {
      "object_kind": "var",
      "config_addr": "module.subnet.var.address_prefixes",
      "status": "pass",
      "objects": [
        {
          "object_addr": "module.subnet[\"Netapp-subnet\"].var.address_prefixes",
          "status": "pass"
        },
        {
          "object_addr": "module.subnet[\"subnet1\"].var.address_prefixes",
          "status": "pass"
        },
        {
          "object_addr": "module.subnet[\"subnetfe\"].var.address_prefixes",
          "status": "pass"
        },
        {
          "object_addr": "module.subnet[\"AzureBastionSubnet\"].var.address_prefixes",
          "status": "pass"
        }
      ]
    },
    {
      "object_kind": "var",
      "config_addr": "module.rules.var.destination_address_prefix",
      "status": "pass",
      "objects": [
        {
          "object_addr": "module.rules[\"nsg-rule-1\"].var.destination_address_prefix",
          "status": "pass"
        }
      ]
    },
    {
      "object_kind": "var",
      "config_addr": "module.vnet.var.location",
      "status": "pass",
      "objects": [
        {
          "object_addr": "module.vnet[\"alzr-vnet\"].var.location",
          "status": "pass"
        }
      ]
    },
    {
      "object_kind": "var",
      "config_addr": "module.nsg.var.location",
      "status": "pass",
      "objects": [
        {
          "object_addr": "module.nsg[\"nsg-1\"].var.location",
          "status": "pass"
        }
      ]
    },
    {
      "object_kind": "var",
      "config_addr": "module.vnet.var.address_space",
      "status": "pass",
      "objects": [
        {
          "object_addr": "module.vnet[\"alzr-vnet\"].var.address_space",
          "status": "pass"
        }
      ]
    },
    {
      "object_kind": "var",
      "config_addr": "module.pip.var.resource_group_name",
      "status": "pass",
      "objects": [
        {
          "object_addr": "module.pip[\"ag-pip\"].var.resource_group_name",
          "status": "pass"
        },
        {
          "object_addr": "module.pip[\"bastion-pip\"].var.resource_group_name",
          "status": "pass"
        }
      ]
    }
  ]
}
